
Microsoft Visual Studio Solution File, Format Version 12.00
# Visual Studio Version 16
VisualStudioVersion = 16.0.35731.53
MinimumVisualStudioVersion = 10.0.40219.1
Project("{FAE04EC0-301F-11D3-BF4B-00C04F79EFBC}") = "SalesWebMvc", "SalesWebMvc\SalesWebMvc.csproj", "{5F3BCD34-2FD6-4AA8-858D-F6BEB4DD569E}"
EndProject
Global
	GlobalSection(SolutionConfigurationPlatforms) = preSolution
		Debug|Any CPU = Debug|Any CPU
		Release|Any CPU = Release|Any CPU
	EndGlobalSection
	GlobalSection(ProjectConfigurationPlatforms) = postSolution
		{5F3BCD34-2FD6-4AA8-858D-F6BEB4DD569E}.Debug|Any CPU.ActiveCfg = Debug|Any CPU
		{5F3BCD34-2FD6-4AA8-858D-F6BEB4DD569E}.Debug|Any CPU.Build.0 = Debug|Any CPU
		{5F3BCD34-2FD6-4AA8-858D-F6BEB4DD569E}.Release|Any CPU.ActiveCfg = Release|Any CPU
		{5F3BCD34-2FD6-4AA8-858D-F6BEB4DD569E}.Release|Any CPU.Build.0 = Release|Any CPU
	EndGlobalSection
	GlobalSection(SolutionProperties) = preSolution
		HideSolutionNode = FALSE
	EndGlobalSection
	GlobalSection(ExtensibilityGlobals) = postSolution
		SolutionGuid = {D53A9FD2-0E50-4F91-8EB4-2300A85252F6}
	EndGlobalSection
EndGlobal
